PODS:
  - Hippolyte (1.1.0)
  - lottie-ios (3.1.5)
  - Mockingjay (2.0.1):
    - Mockingjay/Core (= 2.0.1)
    - Mockingjay/XCTest (= 2.0.1)
  - Mockingjay/Core (2.0.1):
    - URITemplate (~> 2.0)
  - Mockingjay/XCTest (2.0.1):
    - Mockingjay/Core
  - Nimble (8.0.4)
  - Quick (2.2.0)
  - SkeletonView (1.8.2)
  - URITemplate (2.0.3)

DEPENDENCIES:
  - Hippolyte
  - lottie-ios
  - Mockingjay
  - Nimble
  - Quick
  - SkeletonView

SPEC REPOS:
  trunk:
    - Hippolyte
    - lottie-ios
    - Mockingjay
    - Nimble
    - Quick
    - SkeletonView
    - URITemplate

SPEC CHECKSUMS:
  Hippolyte: a295da386260477d164529b7b18a07adc6175240
  lottie-ios: 32bf84389337d86fbc8b12266e88452e0abf1dee
  Mockingjay: 11a621880d2887f1775bdcf824341eb68f218450
  Nimble: 18d5360282923225d62b09d781f63abc1a0111fc
  Quick: 7fb19e13be07b5dfb3b90d4f9824c855a11af40e
  SkeletonView: bb27c39857e5492136f02ee8a3aa78de55d12ecd
  URITemplate: ace0c4c46dcf8afe6e89b4060621852886b15c3b

PODFILE CHECKSUM: 5ed0b06b531e0910f4021d44bd17ebcfce417bb3

COCOAPODS: 1.8.1
